# THIS IS AN AUTOGENERATED FILE. DO NOT EDIT THIS FILE DIRECTLY.
# yarn lockfile v1


"@aws-sdk/util-dynamodb@^3.391.0":
  version "3.391.0"
  resolved "https://registry.yarnpkg.com/@aws-sdk/util-dynamodb/-/util-dynamodb-3.391.0.tgz#0f29731c5b9492f65bd58a56d77096491e436db7"
  integrity sha512-cOqoIyWuQlLEhXorcnoq0P8mcN2iM/zyFRxazRyXYw3f6vjuDRGGAYhXHhcdkr+Nlr40pS7Al1559QktCbjb9g==
  dependencies:
    tslib "^2.5.0"

"@dazn/lambda-powertools-correlation-ids@^1.28.1":
  version "1.28.1"
  resolved "https://registry.yarnpkg.com/@dazn/lambda-powertools-correlation-ids/-/lambda-powertools-correlation-ids-1.28.1.tgz#ff0b94de104154cbdf5825e9f2a5a789c4cb6e92"
  integrity sha512-/RZUT5ZlVcQxsWi+OolEwXUIsXHqffNeZ+eY4Je23s9VcztuqHuHeyrlJh1m5Kg76EsvQTq+5b1xvjf3J/6A1Q==

"@dazn/lambda-powertools-logger@^1.28.1":
  version "1.28.1"
  resolved "https://registry.yarnpkg.com/@dazn/lambda-powertools-logger/-/lambda-powertools-logger-1.28.1.tgz#ac638e6e13552ac4e3a35613436f8a132e9bfe05"
  integrity sha512-vfnKgEwW/jv4PSkqRsEWPWLY5fkcjCnLrSZpca2Exh7pIUWZQN3FqLdpqs23caa+qtOCJ2JM8toa21uwSzYMLw==
  dependencies:
    "@dazn/lambda-powertools-correlation-ids" "^1.28.1"

"@middy/core@^2.1.0":
  version "2.5.7"
  resolved "https://registry.yarnpkg.com/@middy/core/-/core-2.5.7.tgz#a1b3eff68881ff66b14b5051255791f7cbd3b471"
  integrity sha512-KX5Ud0SP+pol6PGkYtMCH4goHobs1XJo3OvEUwdiZUIjZgo56Q08nLu5N7Bs6P+FwGTQHA+hlQ3I5SZbfpO/jg==

"@types/aws-lambda@^8.10.3":
  version "8.10.119"
  resolved "https://registry.yarnpkg.com/@types/aws-lambda/-/aws-lambda-8.10.119.tgz#aaf010a9c892b3e29a290e5c49bfe8bcec82c455"
  integrity sha512-Vqm22aZrCvCd6I5g1SvpW151jfqwTzEZ7XJ3yZ6xaZG31nUEOEyzzVImjRcsN8Wi/QyPxId/x8GTtgIbsy8kEw==

lodash@^4.17.15:
  version "4.17.21"
  resolved "https://registry.yarnpkg.com/lodash/-/lodash-4.17.21.tgz#679591c564c3bffaae8454cf0b3df370c3d6911c"
  integrity sha512-v2kDEe57lecTulaDIuNTPy3Ry4gLGJ6Z1O3vE1krgXZNrsQ+LFTGHVxVjcXPs17LhbZVGedAJv8XZ1tvj5FvSg==

tslib@^2.5.0:
  version "2.6.1"
  resolved "https://registry.yarnpkg.com/tslib/-/tslib-2.6.1.tgz#fd8c9a0ff42590b25703c0acb3de3d3f4ede0410"
  integrity sha512-t0hLfiEKfMUoqhG+U1oid7Pva4bbDPHYfJNiB7BiIjRkj1pyC++4N3huJfqY6aRH6VTB0rvtzQwjM4K6qpfOig==

uuid@^3.2.1:
  version "3.4.0"
  resolved "https://registry.yarnpkg.com/uuid/-/uuid-3.4.0.tgz#b23e4358afa8a202fe7a100af1f5f883f02007ee"
  integrity sha512-HjSDRw6gZE5JMggctHBcjVak08+KEVhSIiDzFnT9S9aegmp85S/bReBVTb4QTFaRNptJ9kuYaNhnbNEOkbKb/A==
